
Microsoft Visual Studio Solution File, Format Version 12.00
# Visual Studio Version 17
VisualStudioVersion = 17.13.35806.99 d17.13
MinimumVisualStudioVersion = 10.0.40219.1
Project("{888888A0-9F3D-457C-B088-3A5042F75D52}") = "SorokinPython", "SorokinPython\SorokinPython.pyproj", "{A96601C0-A86D-4131-8DEE-5D7C9B2586C8}"
EndProject
Global
	GlobalSection(SolutionConfigurationPlatforms) = preSolution
		Debug|Any CPU = Debug|Any CPU
		Release|Any CPU = Release|Any CPU
	EndGlobalSection
	GlobalSection(ProjectConfigurationPlatforms) = postSolution
		{A96601C0-A86D-4131-8DEE-5D7C9B2586C8}.Debug|Any CPU.ActiveCfg = Debug|Any CPU
		{A96601C0-A86D-4131-8DEE-5D7C9B2586C8}.Release|Any CPU.ActiveCfg = Release|Any CPU
	EndGlobalSection
	GlobalSection(SolutionProperties) = preSolution
		HideSolutionNode = FALSE
	EndGlobalSection
	GlobalSection(ExtensibilityGlobals) = postSolution
		SolutionGuid = {B58658D4-DBCB-4E6F-82BC-67CD0CB799B0}
	EndGlobalSection
EndGlobal
